
Microsoft Visual Studio Solution File, Format Version 12.00
# Visual Studio Version 17
VisualStudioVersion = 17.9.34622.214
MinimumVisualStudioVersion = 10.0.40219.1
Project("{8BC9CEB8-8B4A-11D0-8D11-00A0C91BC942}") = "StreamReaderandWriter", "StreamReaderandWriter\StreamReaderandWriter.vcxproj", "{A521FC1C-502A-4D56-B95E-72BA24B19592}"
EndProject
Project("{8BC9CEB8-8B4A-11D0-8D11-00A0C91BC942}") = "InfilewithPath", "InfilewithPath\InfilewithPath.vcxproj", "{B4ED426B-D574-422D-84F4-6660F609D90E}"
EndProject
Project("{8BC9CEB8-8B4A-11D0-8D11-00A0C91BC942}") = "exceptionStandard", "exceptionStandard\exceptionStandard.vcxproj", "{EF7D7E9C-529B-48B9-99C8-D6F0669B4422}"
EndProject
Project("{8BC9CEB8-8B4A-11D0-8D11-00A0C91BC942}") = "manualException", "manualException\manualException.vcxproj", "{5B58C155-F28F-4AAD-A17E-0363A6B80FBA}"
EndProject
Global
	GlobalSection(SolutionConfigurationPlatforms) = preSolution
		Debug|ARM64 = Debug|ARM64
		Debug|x64 = Debug|x64
		Debug|x86 = Debug|x86
		Release|ARM64 = Release|ARM64
		Release|x64 = Release|x64
		Release|x86 = Release|x86
	EndGlobalSection
	GlobalSection(ProjectConfigurationPlatforms) = postSolution
		{A521FC1C-502A-4D56-B95E-72BA24B19592}.Debug|ARM64.ActiveCfg = Debug|ARM64
		{A521FC1C-502A-4D56-B95E-72BA24B19592}.Debug|ARM64.Build.0 = Debug|ARM64
		{A521FC1C-502A-4D56-B95E-72BA24B19592}.Debug|x64.ActiveCfg = Debug|x64
		{A521FC1C-502A-4D56-B95E-72BA24B19592}.Debug|x64.Build.0 = Debug|x64
		{A521FC1C-502A-4D56-B95E-72BA24B19592}.Debug|x86.ActiveCfg = Debug|Win32
		{A521FC1C-502A-4D56-B95E-72BA24B19592}.Debug|x86.Build.0 = Debug|Win32
		{A521FC1C-502A-4D56-B95E-72BA24B19592}.Release|ARM64.ActiveCfg = Release|ARM64
		{A521FC1C-502A-4D56-B95E-72BA24B19592}.Release|ARM64.Build.0 = Release|ARM64
		{A521FC1C-502A-4D56-B95E-72BA24B19592}.Release|x64.ActiveCfg = Release|x64
		{A521FC1C-502A-4D56-B95E-72BA24B19592}.Release|x64.Build.0 = Release|x64
		{A521FC1C-502A-4D56-B95E-72BA24B19592}.Release|x86.ActiveCfg = Release|Win32
		{A521FC1C-502A-4D56-B95E-72BA24B19592}.Release|x86.Build.0 = Release|Win32
		{B4ED426B-D574-422D-84F4-6660F609D90E}.Debug|ARM64.ActiveCfg = Debug|ARM64
		{B4ED426B-D574-422D-84F4-6660F609D90E}.Debug|ARM64.Build.0 = Debug|ARM64
		{B4ED426B-D574-422D-84F4-6660F609D90E}.Debug|x64.ActiveCfg = Debug|x64
		{B4ED426B-D574-422D-84F4-6660F609D90E}.Debug|x64.Build.0 = Debug|x64
		{B4ED426B-D574-422D-84F4-6660F609D90E}.Debug|x86.ActiveCfg = Debug|Win32
		{B4ED426B-D574-422D-84F4-6660F609D90E}.Debug|x86.Build.0 = Debug|Win32
		{B4ED426B-D574-422D-84F4-6660F609D90E}.Release|ARM64.ActiveCfg = Release|ARM64
		{B4ED426B-D574-422D-84F4-6660F609D90E}.Release|ARM64.Build.0 = Release|ARM64
		{B4ED426B-D574-422D-84F4-6660F609D90E}.Release|x64.ActiveCfg = Release|x64
		{B4ED426B-D574-422D-84F4-6660F609D90E}.Release|x64.Build.0 = Release|x64
		{B4ED426B-D574-422D-84F4-6660F609D90E}.Release|x86.ActiveCfg = Release|Win32
		{B4ED426B-D574-422D-84F4-6660F609D90E}.Release|x86.Build.0 = Release|Win32
		{EF7D7E9C-529B-48B9-99C8-D6F0669B4422}.Debug|ARM64.ActiveCfg = Debug|ARM64
		{EF7D7E9C-529B-48B9-99C8-D6F0669B4422}.Debug|ARM64.Build.0 = Debug|ARM64
		{EF7D7E9C-529B-48B9-99C8-D6F0669B4422}.Debug|x64.ActiveCfg = Debug|x64
		{EF7D7E9C-529B-48B9-99C8-D6F0669B4422}.Debug|x64.Build.0 = Debug|x64
		{EF7D7E9C-529B-48B9-99C8-D6F0669B4422}.Debug|x86.ActiveCfg = Debug|Win32
		{EF7D7E9C-529B-48B9-99C8-D6F0669B4422}.Debug|x86.Build.0 = Debug|Win32
		{EF7D7E9C-529B-48B9-99C8-D6F0669B4422}.Release|ARM64.ActiveCfg = Release|ARM64
		{EF7D7E9C-529B-48B9-99C8-D6F0669B4422}.Release|ARM64.Build.0 = Release|ARM64
		{EF7D7E9C-529B-48B9-99C8-D6F0669B4422}.Release|x64.ActiveCfg = Release|x64
		{EF7D7E9C-529B-48B9-99C8-D6F0669B4422}.Release|x64.Build.0 = Release|x64
		{EF7D7E9C-529B-48B9-99C8-D6F0669B4422}.Release|x86.ActiveCfg = Release|Win32
		{EF7D7E9C-529B-48B9-99C8-D6F0669B4422}.Release|x86.Build.0 = Release|Win32
		{5B58C155-F28F-4AAD-A17E-0363A6B80FBA}.Debug|ARM64.ActiveCfg = Debug|ARM64
		{5B58C155-F28F-4AAD-A17E-0363A6B80FBA}.Debug|ARM64.Build.0 = Debug|ARM64
		{5B58C155-F28F-4AAD-A17E-0363A6B80FBA}.Debug|x64.ActiveCfg = Debug|x64
		{5B58C155-F28F-4AAD-A17E-0363A6B80FBA}.Debug|x64.Build.0 = Debug|x64
		{5B58C155-F28F-4AAD-A17E-0363A6B80FBA}.Debug|x86.ActiveCfg = Debug|Win32
		{5B58C155-F28F-4AAD-A17E-0363A6B80FBA}.Debug|x86.Build.0 = Debug|Win32
		{5B58C155-F28F-4AAD-A17E-0363A6B80FBA}.Release|ARM64.ActiveCfg = Release|ARM64
		{5B58C155-F28F-4AAD-A17E-0363A6B80FBA}.Release|ARM64.Build.0 = Release|ARM64
		{5B58C155-F28F-4AAD-A17E-0363A6B80FBA}.Release|x64.ActiveCfg = Release|x64
		{5B58C155-F28F-4AAD-A17E-0363A6B80FBA}.Release|x64.Build.0 = Release|x64
		{5B58C155-F28F-4AAD-A17E-0363A6B80FBA}.Release|x86.ActiveCfg = Release|Win32
		{5B58C155-F28F-4AAD-A17E-0363A6B80FBA}.Release|x86.Build.0 = Release|Win32
	EndGlobalSection
	GlobalSection(SolutionProperties) = preSolution
		HideSolutionNode = FALSE
	EndGlobalSection
	GlobalSection(ExtensibilityGlobals) = postSolution
		SolutionGuid = {8D17DF71-4162-4030-A14C-B762D626C83E}
	EndGlobalSection
EndGlobal
