
Microsoft Visual Studio Solution File, Format Version 12.00
# Visual Studio Version 17
VisualStudioVersion = 17.9.34622.214
MinimumVisualStudioVersion = 10.0.40219.1
Project("{8BC9CEB8-8B4A-11D0-8D11-00A0C91BC942}") = "StreamReaderandWriter", "StreamReaderandWriter\StreamReaderandWriter.vcxproj", "{A521FC1C-502A-4D56-B95E-72BA24B19592}"
EndProject
Global
	GlobalSection(SolutionConfigurationPlatforms) = preSolution
		Debug|ARM64 = Debug|ARM64
		Debug|x64 = Debug|x64
		Debug|x86 = Debug|x86
		Release|ARM64 = Release|ARM64
		Release|x64 = Release|x64
		Release|x86 = Release|x86
	EndGlobalSection
	GlobalSection(ProjectConfigurationPlatforms) = postSolution
		{A521FC1C-502A-4D56-B95E-72BA24B19592}.Debug|ARM64.ActiveCfg = Debug|ARM64
		{A521FC1C-502A-4D56-B95E-72BA24B19592}.Debug|ARM64.Build.0 = Debug|ARM64
		{A521FC1C-502A-4D56-B95E-72BA24B19592}.Debug|x64.ActiveCfg = Debug|x64
		{A521FC1C-502A-4D56-B95E-72BA24B19592}.Debug|x64.Build.0 = Debug|x64
		{A521FC1C-502A-4D56-B95E-72BA24B19592}.Debug|x86.ActiveCfg = Debug|Win32
		{A521FC1C-502A-4D56-B95E-72BA24B19592}.Debug|x86.Build.0 = Debug|Win32
		{A521FC1C-502A-4D56-B95E-72BA24B19592}.Release|ARM64.ActiveCfg = Release|ARM64
		{A521FC1C-502A-4D56-B95E-72BA24B19592}.Release|ARM64.Build.0 = Release|ARM64
		{A521FC1C-502A-4D56-B95E-72BA24B19592}.Release|x64.ActiveCfg = Release|x64
		{A521FC1C-502A-4D56-B95E-72BA24B19592}.Release|x64.Build.0 = Release|x64
		{A521FC1C-502A-4D56-B95E-72BA24B19592}.Release|x86.ActiveCfg = Release|Win32
		{A521FC1C-502A-4D56-B95E-72BA24B19592}.Release|x86.Build.0 = Release|Win32
	EndGlobalSection
	GlobalSection(SolutionProperties) = preSolution
		HideSolutionNode = FALSE
	EndGlobalSection
	GlobalSection(ExtensibilityGlobals) = postSolution
		SolutionGuid = {8D17DF71-4162-4030-A14C-B762D626C83E}
	EndGlobalSection
EndGlobal
